
Microsoft Visual Studio Solution File, Format Version 12.00
# Visual Studio Version 16
VisualStudioVersion = 25.0.1706.7
MinimumVisualStudioVersion = 10.0.40219.1
Project("{FAE04EC0-301F-11D3-BF4B-00C04F79EFBC}") = "Course", "Course\Course.csproj", "{8693E97B-CCCC-41BA-BF69-4A4DDA0F773E}"
EndProject
Global
	GlobalSection(SolutionConfigurationPlatforms) = preSolution
		Debug|Any CPU = Debug|Any CPU
		Release|Any CPU = Release|Any CPU
	EndGlobalSection
	GlobalSection(ProjectConfigurationPlatforms) = postSolution
		{8693E97B-CCCC-41BA-BF69-4A4DDA0F773E}.Debug|Any CPU.ActiveCfg = Debug|Any CPU
		{8693E97B-CCCC-41BA-BF69-4A4DDA0F773E}.Debug|Any CPU.Build.0 = Debug|Any CPU
		{8693E97B-CCCC-41BA-BF69-4A4DDA0F773E}.Release|Any CPU.ActiveCfg = Release|Any CPU
		{8693E97B-CCCC-41BA-BF69-4A4DDA0F773E}.Release|Any CPU.Build.0 = Release|Any CPU
	EndGlobalSection
	GlobalSection(SolutionProperties) = preSolution
		HideSolutionNode = FALSE
	EndGlobalSection
	GlobalSection(ExtensibilityGlobals) = postSolution
		SolutionGuid = {B48BA98B-626A-4648-BCFA-1A2A44A31E60}
	EndGlobalSection
EndGlobal
